
Microsoft Visual Studio Solution File, Format Version 12.00
# Visual Studio Version 16
VisualStudioVersion = 16.0.29709.97
MinimumVisualStudioVersion = 10.0.40219.1
Project("{FAE04EC0-301F-11D3-BF4B-00C04F79EFBC}") = "App_RestAPI", "App_RestAPI\App_RestAPI.csproj", "{EB870718-426B-4D01-9F0F-4E575B2A34EE}"
EndProject
Project("{FAE04EC0-301F-11D3-BF4B-00C04F79EFBC}") = "App_Core", "App_Core\App_Core.csproj", "{32B1B7C5-E137-4F0D-AD8D-1879CD2D7157}"
EndProject
Project("{FAE04EC0-301F-11D3-BF4B-00C04F79EFBC}") = "App_Web", "App_Web\App_Web.csproj", "{F2063387-43D0-42BD-B185-211A42CD316A}"
EndProject
Global
	GlobalSection(SolutionConfigurationPlatforms) = preSolution
		Debug|Any CPU = Debug|Any CPU
		Release|Any CPU = Release|Any CPU
	EndGlobalSection
	GlobalSection(ProjectConfigurationPlatforms) = postSolution
		{EB870718-426B-4D01-9F0F-4E575B2A34EE}.Debug|Any CPU.ActiveCfg = Debug|Any CPU
		{EB870718-426B-4D01-9F0F-4E575B2A34EE}.Debug|Any CPU.Build.0 = Debug|Any CPU
		{EB870718-426B-4D01-9F0F-4E575B2A34EE}.Release|Any CPU.ActiveCfg = Release|Any CPU
		{EB870718-426B-4D01-9F0F-4E575B2A34EE}.Release|Any CPU.Build.0 = Release|Any CPU
		{32B1B7C5-E137-4F0D-AD8D-1879CD2D7157}.Debug|Any CPU.ActiveCfg = Debug|Any CPU
		{32B1B7C5-E137-4F0D-AD8D-1879CD2D7157}.Debug|Any CPU.Build.0 = Debug|Any CPU
		{32B1B7C5-E137-4F0D-AD8D-1879CD2D7157}.Release|Any CPU.ActiveCfg = Release|Any CPU
		{32B1B7C5-E137-4F0D-AD8D-1879CD2D7157}.Release|Any CPU.Build.0 = Release|Any CPU
		{F2063387-43D0-42BD-B185-211A42CD316A}.Debug|Any CPU.ActiveCfg = Debug|Any CPU
		{F2063387-43D0-42BD-B185-211A42CD316A}.Debug|Any CPU.Build.0 = Debug|Any CPU
		{F2063387-43D0-42BD-B185-211A42CD316A}.Release|Any CPU.ActiveCfg = Release|Any CPU
		{F2063387-43D0-42BD-B185-211A42CD316A}.Release|Any CPU.Build.0 = Release|Any CPU
	EndGlobalSection
	GlobalSection(SolutionProperties) = preSolution
		HideSolutionNode = FALSE
	EndGlobalSection
	GlobalSection(ExtensibilityGlobals) = postSolution
		SolutionGuid = {8A437D74-C37A-4438-B591-7457E4266783}
	EndGlobalSection
EndGlobal
